
Microsoft Visual Studio Solution File, Format Version 12.00
# Visual Studio Version 16
VisualStudioVersion = 16.0.29020.237
MinimumVisualStudioVersion = 10.0.40219.1
Project("{FAE04EC0-301F-11D3-BF4B-00C04F79EFBC}") = "1.01.RECTANGLE", "1.1.RECTANGLE\1.01.RECTANGLE.csproj", "{00105409-B174-4FCF-A95F-28A65AEDA337}"
EndProject
Project("{FAE04EC0-301F-11D3-BF4B-00C04F79EFBC}") = "1.02.TRIANGLE", "1.2.TRIANGLE\1.02.TRIANGLE.csproj", "{F43ABD5A-8AC1-4265-8B49-5C41C463234A}"
EndProject
Project("{FAE04EC0-301F-11D3-BF4B-00C04F79EFBC}") = "1.03.ANOTHER TRIANGLE", "1.3.ANOTHER TRIANGLE\1.03.ANOTHER TRIANGLE.csproj", "{899E91AE-0B08-4B08-9113-0E216A8C1ABC}"
EndProject
Project("{FAE04EC0-301F-11D3-BF4B-00C04F79EFBC}") = "1.04.X-MAS TREE", "1.4.X-MAS TREE\1.04.X-MAS TREE.csproj", "{C6BA01AF-1229-4D2B-B372-2184630A1099}"
EndProject
Project("{FAE04EC0-301F-11D3-BF4B-00C04F79EFBC}") = "1.05.SUM OF NUMBERS", "1.5.SUM OF NUMBERS\1.05.SUM OF NUMBERS.csproj", "{D00C08B7-CF3F-438E-9F84-1D0A75942EB1}"
EndProject
Project("{FAE04EC0-301F-11D3-BF4B-00C04F79EFBC}") = "1.06.FONT ADJUSTMENT", "1.6.FONT ADJUSTMENT\1.06.FONT ADJUSTMENT.csproj", "{979FAEE7-8E3A-4269-A5EE-CAFAD2896E2D}"
EndProject
Project("{FAE04EC0-301F-11D3-BF4B-00C04F79EFBC}") = "1.07.ARRAY PROCESSING", "1.7.ARRAY PROCESSING\1.07.ARRAY PROCESSING.csproj", "{07F8DDB1-CC5D-48E5-BD4E-9D3F862610E9}"
EndProject
Project("{FAE04EC0-301F-11D3-BF4B-00C04F79EFBC}") = "1.08.NO POSITIVE", "1.8.NO POSITIVE\1.08.NO POSITIVE.csproj", "{99010164-6FDE-4A6F-B8A9-87B34857BA78}"
EndProject
Project("{FAE04EC0-301F-11D3-BF4B-00C04F79EFBC}") = "1.09.NON-NEGATIVE SUM", "1.9.NON-NEGATIVE SUM\1.09.NON-NEGATIVE SUM.csproj", "{49803C64-ED74-4CB1-A12D-18758AD7583E}"
EndProject
Project("{FAE04EC0-301F-11D3-BF4B-00C04F79EFBC}") = "1.10.2D ARRAY", "1.10.2D ARRAY\1.10.2D ARRAY.csproj", "{8C404C08-8CC7-4E86-BB25-104696B725D3}"
EndProject
Project("{FAE04EC0-301F-11D3-BF4B-00C04F79EFBC}") = "1.11.AVERAGE STRING LENGTH", "1.11.AVERAGE STRING LENGTH\1.11.AVERAGE STRING LENGTH.csproj", "{2136B6E1-3E8B-44FA-93AF-8D6F1F70154A}"
EndProject
Project("{FAE04EC0-301F-11D3-BF4B-00C04F79EFBC}") = "1.12.CHAR DOUBLER", "1.12.CHAR DOUBLER\1.12.CHAR DOUBLER.csproj", "{63972BCA-4F4C-4EAC-9D12-3232D08F4432}"
EndProject
Global
	GlobalSection(SolutionConfigurationPlatforms) = preSolution
		Debug|Any CPU = Debug|Any CPU
		Release|Any CPU = Release|Any CPU
	EndGlobalSection
	GlobalSection(ProjectConfigurationPlatforms) = postSolution
		{00105409-B174-4FCF-A95F-28A65AEDA337}.Debug|Any CPU.ActiveCfg = Debug|Any CPU
		{00105409-B174-4FCF-A95F-28A65AEDA337}.Debug|Any CPU.Build.0 = Debug|Any CPU
		{00105409-B174-4FCF-A95F-28A65AEDA337}.Release|Any CPU.ActiveCfg = Release|Any CPU
		{00105409-B174-4FCF-A95F-28A65AEDA337}.Release|Any CPU.Build.0 = Release|Any CPU
		{F43ABD5A-8AC1-4265-8B49-5C41C463234A}.Debug|Any CPU.ActiveCfg = Debug|Any CPU
		{F43ABD5A-8AC1-4265-8B49-5C41C463234A}.Debug|Any CPU.Build.0 = Debug|Any CPU
		{F43ABD5A-8AC1-4265-8B49-5C41C463234A}.Release|Any CPU.ActiveCfg = Release|Any CPU
		{F43ABD5A-8AC1-4265-8B49-5C41C463234A}.Release|Any CPU.Build.0 = Release|Any CPU
		{899E91AE-0B08-4B08-9113-0E216A8C1ABC}.Debug|Any CPU.ActiveCfg = Debug|Any CPU
		{899E91AE-0B08-4B08-9113-0E216A8C1ABC}.Debug|Any CPU.Build.0 = Debug|Any CPU
		{899E91AE-0B08-4B08-9113-0E216A8C1ABC}.Release|Any CPU.ActiveCfg = Release|Any CPU
		{899E91AE-0B08-4B08-9113-0E216A8C1ABC}.Release|Any CPU.Build.0 = Release|Any CPU
		{C6BA01AF-1229-4D2B-B372-2184630A1099}.Debug|Any CPU.ActiveCfg = Debug|Any CPU
		{C6BA01AF-1229-4D2B-B372-2184630A1099}.Debug|Any CPU.Build.0 = Debug|Any CPU
		{C6BA01AF-1229-4D2B-B372-2184630A1099}.Release|Any CPU.ActiveCfg = Release|Any CPU
		{C6BA01AF-1229-4D2B-B372-2184630A1099}.Release|Any CPU.Build.0 = Release|Any CPU
		{D00C08B7-CF3F-438E-9F84-1D0A75942EB1}.Debug|Any CPU.ActiveCfg = Debug|Any CPU
		{D00C08B7-CF3F-438E-9F84-1D0A75942EB1}.Debug|Any CPU.Build.0 = Debug|Any CPU
		{D00C08B7-CF3F-438E-9F84-1D0A75942EB1}.Release|Any CPU.ActiveCfg = Release|Any CPU
		{D00C08B7-CF3F-438E-9F84-1D0A75942EB1}.Release|Any CPU.Build.0 = Release|Any CPU
		{979FAEE7-8E3A-4269-A5EE-CAFAD2896E2D}.Debug|Any CPU.ActiveCfg = Debug|Any CPU
		{979FAEE7-8E3A-4269-A5EE-CAFAD2896E2D}.Debug|Any CPU.Build.0 = Debug|Any CPU
		{979FAEE7-8E3A-4269-A5EE-CAFAD2896E2D}.Release|Any CPU.ActiveCfg = Release|Any CPU
		{979FAEE7-8E3A-4269-A5EE-CAFAD2896E2D}.Release|Any CPU.Build.0 = Release|Any CPU
		{07F8DDB1-CC5D-48E5-BD4E-9D3F862610E9}.Debug|Any CPU.ActiveCfg = Debug|Any CPU
		{07F8DDB1-CC5D-48E5-BD4E-9D3F862610E9}.Debug|Any CPU.Build.0 = Debug|Any CPU
		{07F8DDB1-CC5D-48E5-BD4E-9D3F862610E9}.Release|Any CPU.ActiveCfg = Release|Any CPU
		{07F8DDB1-CC5D-48E5-BD4E-9D3F862610E9}.Release|Any CPU.Build.0 = Release|Any CPU
		{99010164-6FDE-4A6F-B8A9-87B34857BA78}.Debug|Any CPU.ActiveCfg = Debug|Any CPU
		{99010164-6FDE-4A6F-B8A9-87B34857BA78}.Debug|Any CPU.Build.0 = Debug|Any CPU
		{99010164-6FDE-4A6F-B8A9-87B34857BA78}.Release|Any CPU.ActiveCfg = Release|Any CPU
		{99010164-6FDE-4A6F-B8A9-87B34857BA78}.Release|Any CPU.Build.0 = Release|Any CPU
		{49803C64-ED74-4CB1-A12D-18758AD7583E}.Debug|Any CPU.ActiveCfg = Debug|Any CPU
		{49803C64-ED74-4CB1-A12D-18758AD7583E}.Debug|Any CPU.Build.0 = Debug|Any CPU
		{49803C64-ED74-4CB1-A12D-18758AD7583E}.Release|Any CPU.ActiveCfg = Release|Any CPU
		{49803C64-ED74-4CB1-A12D-18758AD7583E}.Release|Any CPU.Build.0 = Release|Any CPU
		{8C404C08-8CC7-4E86-BB25-104696B725D3}.Debug|Any CPU.ActiveCfg = Debug|Any CPU
		{8C404C08-8CC7-4E86-BB25-104696B725D3}.Debug|Any CPU.Build.0 = Debug|Any CPU
		{8C404C08-8CC7-4E86-BB25-104696B725D3}.Release|Any CPU.ActiveCfg = Release|Any CPU
		{8C404C08-8CC7-4E86-BB25-104696B725D3}.Release|Any CPU.Build.0 = Release|Any CPU
		{2136B6E1-3E8B-44FA-93AF-8D6F1F70154A}.Debug|Any CPU.ActiveCfg = Debug|Any CPU
		{2136B6E1-3E8B-44FA-93AF-8D6F1F70154A}.Debug|Any CPU.Build.0 = Debug|Any CPU
		{2136B6E1-3E8B-44FA-93AF-8D6F1F70154A}.Release|Any CPU.ActiveCfg = Release|Any CPU
		{2136B6E1-3E8B-44FA-93AF-8D6F1F70154A}.Release|Any CPU.Build.0 = Release|Any CPU
		{63972BCA-4F4C-4EAC-9D12-3232D08F4432}.Debug|Any CPU.ActiveCfg = Debug|Any CPU
		{63972BCA-4F4C-4EAC-9D12-3232D08F4432}.Debug|Any CPU.Build.0 = Debug|Any CPU
		{63972BCA-4F4C-4EAC-9D12-3232D08F4432}.Release|Any CPU.ActiveCfg = Release|Any CPU
		{63972BCA-4F4C-4EAC-9D12-3232D08F4432}.Release|Any CPU.Build.0 = Release|Any CPU
	EndGlobalSection
	GlobalSection(SolutionProperties) = preSolution
		HideSolutionNode = FALSE
	EndGlobalSection
	GlobalSection(ExtensibilityGlobals) = postSolution
		SolutionGuid = {11CF9A35-91A7-4B83-BAAF-18326357FA4F}
	EndGlobalSection
EndGlobal
