
Microsoft Visual Studio Solution File, Format Version 12.00
# Visual Studio Version 16
VisualStudioVersion = 16.0.29020.237
MinimumVisualStudioVersion = 10.0.40219.1
Project("{FAE04EC0-301F-11D3-BF4B-00C04F79EFBC}") = "1.01.RECTANGLE", "1.01.RECTANGLE\1.01.RECTANGLE.csproj", "{72F8FF4D-C094-494D-B12D-8ECB955A525D}"
EndProject
Project("{FAE04EC0-301F-11D3-BF4B-00C04F79EFBC}") = "1.02.TRIANGLE", "1.02.TRIANGLE\1.02.TRIANGLE.csproj", "{8553B2FF-B449-4D11-B1C0-0FE83344F1D4}"
EndProject
Project("{FAE04EC0-301F-11D3-BF4B-00C04F79EFBC}") = "1.03.ANOTHER TRIANGLE", "1.03.ANOTHER TRIANGLE\1.03.ANOTHER TRIANGLE.csproj", "{739C8E37-0073-4DA4-9A59-F292CAFE658F}"
EndProject
Project("{FAE04EC0-301F-11D3-BF4B-00C04F79EFBC}") = "1.04.X-MAS TREE", "1.04.X-MAS TREE\1.04.X-MAS TREE.csproj", "{77E100FC-ECBE-4F37-A0CE-855FC2C8108C}"
EndProject
Project("{FAE04EC0-301F-11D3-BF4B-00C04F79EFBC}") = "1.05.SUM OF NUMBERS", "1.05.SUM OF NUMBERS\1.05.SUM OF NUMBERS.csproj", "{B93B4CA9-FB67-4C6E-A325-3E076F226D73}"
EndProject
Project("{FAE04EC0-301F-11D3-BF4B-00C04F79EFBC}") = "1.06.FONT ADJUSTMENT", "1.06.FONT ADJUSTMENT\1.06.FONT ADJUSTMENT.csproj", "{1A71085F-2F41-47D5-AF37-EEA3A14B982D}"
EndProject
Project("{FAE04EC0-301F-11D3-BF4B-00C04F79EFBC}") = "1.07.ARRAY PROCESSING", "1.07.ARRAY PROCESSING\1.07.ARRAY PROCESSING.csproj", "{FEC0A938-8E27-4E3D-BAD9-8C0C69E342E3}"
EndProject
Project("{FAE04EC0-301F-11D3-BF4B-00C04F79EFBC}") = "1.08.NO POSITIVE", "1.08.NO POSITIVE\1.08.NO POSITIVE.csproj", "{2F3A8B8F-352F-47D7-932A-C89E46198B19}"
EndProject
Project("{FAE04EC0-301F-11D3-BF4B-00C04F79EFBC}") = "1.09.NON-NEGATIVE SUM", "1.09.NON-NEGATIVE SUM\1.09.NON-NEGATIVE SUM.csproj", "{ABA83036-0397-4A4B-BD30-FD595563F1E0}"
EndProject
Project("{FAE04EC0-301F-11D3-BF4B-00C04F79EFBC}") = "1.10.2D ARRAY", "1.10.2D ARRAY\1.10.2D ARRAY.csproj", "{28EC8B54-546F-4924-AEBD-5F9B522114B1}"
EndProject
Project("{FAE04EC0-301F-11D3-BF4B-00C04F79EFBC}") = "1.11.AVERAGE STRING LENGTH", "1.11.AVERAGE STRING LENGTH\1.11.AVERAGE STRING LENGTH.csproj", "{6E1A0CED-392F-4824-943E-D1F4D0ACB509}"
EndProject
Project("{FAE04EC0-301F-11D3-BF4B-00C04F79EFBC}") = "1.12.CHAR DOUBLER", "1.12.CHAR DOUBLER\1.12.CHAR DOUBLER.csproj", "{B40C7412-1C3A-4764-B393-5783B99D4C2A}"
EndProject
Global
	GlobalSection(SolutionConfigurationPlatforms) = preSolution
		Debug|Any CPU = Debug|Any CPU
		Release|Any CPU = Release|Any CPU
	EndGlobalSection
	GlobalSection(ProjectConfigurationPlatforms) = postSolution
		{72F8FF4D-C094-494D-B12D-8ECB955A525D}.Debug|Any CPU.ActiveCfg = Debug|Any CPU
		{72F8FF4D-C094-494D-B12D-8ECB955A525D}.Debug|Any CPU.Build.0 = Debug|Any CPU
		{72F8FF4D-C094-494D-B12D-8ECB955A525D}.Release|Any CPU.ActiveCfg = Release|Any CPU
		{72F8FF4D-C094-494D-B12D-8ECB955A525D}.Release|Any CPU.Build.0 = Release|Any CPU
		{8553B2FF-B449-4D11-B1C0-0FE83344F1D4}.Debug|Any CPU.ActiveCfg = Debug|Any CPU
		{8553B2FF-B449-4D11-B1C0-0FE83344F1D4}.Debug|Any CPU.Build.0 = Debug|Any CPU
		{8553B2FF-B449-4D11-B1C0-0FE83344F1D4}.Release|Any CPU.ActiveCfg = Release|Any CPU
		{8553B2FF-B449-4D11-B1C0-0FE83344F1D4}.Release|Any CPU.Build.0 = Release|Any CPU
		{739C8E37-0073-4DA4-9A59-F292CAFE658F}.Debug|Any CPU.ActiveCfg = Debug|Any CPU
		{739C8E37-0073-4DA4-9A59-F292CAFE658F}.Debug|Any CPU.Build.0 = Debug|Any CPU
		{739C8E37-0073-4DA4-9A59-F292CAFE658F}.Release|Any CPU.ActiveCfg = Release|Any CPU
		{739C8E37-0073-4DA4-9A59-F292CAFE658F}.Release|Any CPU.Build.0 = Release|Any CPU
		{77E100FC-ECBE-4F37-A0CE-855FC2C8108C}.Debug|Any CPU.ActiveCfg = Debug|Any CPU
		{77E100FC-ECBE-4F37-A0CE-855FC2C8108C}.Debug|Any CPU.Build.0 = Debug|Any CPU
		{77E100FC-ECBE-4F37-A0CE-855FC2C8108C}.Release|Any CPU.ActiveCfg = Release|Any CPU
		{77E100FC-ECBE-4F37-A0CE-855FC2C8108C}.Release|Any CPU.Build.0 = Release|Any CPU
		{B93B4CA9-FB67-4C6E-A325-3E076F226D73}.Debug|Any CPU.ActiveCfg = Debug|Any CPU
		{B93B4CA9-FB67-4C6E-A325-3E076F226D73}.Debug|Any CPU.Build.0 = Debug|Any CPU
		{B93B4CA9-FB67-4C6E-A325-3E076F226D73}.Release|Any CPU.ActiveCfg = Release|Any CPU
		{B93B4CA9-FB67-4C6E-A325-3E076F226D73}.Release|Any CPU.Build.0 = Release|Any CPU
		{1A71085F-2F41-47D5-AF37-EEA3A14B982D}.Debug|Any CPU.ActiveCfg = Debug|Any CPU
		{1A71085F-2F41-47D5-AF37-EEA3A14B982D}.Debug|Any CPU.Build.0 = Debug|Any CPU
		{1A71085F-2F41-47D5-AF37-EEA3A14B982D}.Release|Any CPU.ActiveCfg = Release|Any CPU
		{1A71085F-2F41-47D5-AF37-EEA3A14B982D}.Release|Any CPU.Build.0 = Release|Any CPU
		{FEC0A938-8E27-4E3D-BAD9-8C0C69E342E3}.Debug|Any CPU.ActiveCfg = Debug|Any CPU
		{FEC0A938-8E27-4E3D-BAD9-8C0C69E342E3}.Debug|Any CPU.Build.0 = Debug|Any CPU
		{FEC0A938-8E27-4E3D-BAD9-8C0C69E342E3}.Release|Any CPU.ActiveCfg = Release|Any CPU
		{FEC0A938-8E27-4E3D-BAD9-8C0C69E342E3}.Release|Any CPU.Build.0 = Release|Any CPU
		{2F3A8B8F-352F-47D7-932A-C89E46198B19}.Debug|Any CPU.ActiveCfg = Debug|Any CPU
		{2F3A8B8F-352F-47D7-932A-C89E46198B19}.Debug|Any CPU.Build.0 = Debug|Any CPU
		{2F3A8B8F-352F-47D7-932A-C89E46198B19}.Release|Any CPU.ActiveCfg = Release|Any CPU
		{2F3A8B8F-352F-47D7-932A-C89E46198B19}.Release|Any CPU.Build.0 = Release|Any CPU
		{ABA83036-0397-4A4B-BD30-FD595563F1E0}.Debug|Any CPU.ActiveCfg = Debug|Any CPU
		{ABA83036-0397-4A4B-BD30-FD595563F1E0}.Debug|Any CPU.Build.0 = Debug|Any CPU
		{ABA83036-0397-4A4B-BD30-FD595563F1E0}.Release|Any CPU.ActiveCfg = Release|Any CPU
		{ABA83036-0397-4A4B-BD30-FD595563F1E0}.Release|Any CPU.Build.0 = Release|Any CPU
		{28EC8B54-546F-4924-AEBD-5F9B522114B1}.Debug|Any CPU.ActiveCfg = Debug|Any CPU
		{28EC8B54-546F-4924-AEBD-5F9B522114B1}.Debug|Any CPU.Build.0 = Debug|Any CPU
		{28EC8B54-546F-4924-AEBD-5F9B522114B1}.Release|Any CPU.ActiveCfg = Release|Any CPU
		{28EC8B54-546F-4924-AEBD-5F9B522114B1}.Release|Any CPU.Build.0 = Release|Any CPU
		{6E1A0CED-392F-4824-943E-D1F4D0ACB509}.Debug|Any CPU.ActiveCfg = Debug|Any CPU
		{6E1A0CED-392F-4824-943E-D1F4D0ACB509}.Debug|Any CPU.Build.0 = Debug|Any CPU
		{6E1A0CED-392F-4824-943E-D1F4D0ACB509}.Release|Any CPU.ActiveCfg = Release|Any CPU
		{6E1A0CED-392F-4824-943E-D1F4D0ACB509}.Release|Any CPU.Build.0 = Release|Any CPU
		{B40C7412-1C3A-4764-B393-5783B99D4C2A}.Debug|Any CPU.ActiveCfg = Debug|Any CPU
		{B40C7412-1C3A-4764-B393-5783B99D4C2A}.Debug|Any CPU.Build.0 = Debug|Any CPU
		{B40C7412-1C3A-4764-B393-5783B99D4C2A}.Release|Any CPU.ActiveCfg = Release|Any CPU
		{B40C7412-1C3A-4764-B393-5783B99D4C2A}.Release|Any CPU.Build.0 = Release|Any CPU
	EndGlobalSection
	GlobalSection(SolutionProperties) = preSolution
		HideSolutionNode = FALSE
	EndGlobalSection
	GlobalSection(ExtensibilityGlobals) = postSolution
		SolutionGuid = {09BC5894-8314-47E4-9D63-A0FCF3115857}
	EndGlobalSection
EndGlobal
