
Microsoft Visual Studio Solution File, Format Version 12.00
# Visual Studio Version 16
VisualStudioVersion = 16.0.29209.62
MinimumVisualStudioVersion = 10.0.40219.1
Project("{FAE04EC0-301F-11D3-BF4B-00C04F79EFBC}") = "71_DATE EXISTANCE", "71_DATE EXISTANCE\71_DATE EXISTANCE.csproj", "{5D9F2630-2A23-4B0C-8A38-6C58F7BC15C3}"
EndProject
Project("{FAE04EC0-301F-11D3-BF4B-00C04F79EFBC}") = "72_HTML REPLACER", "72_HTML REPLACER\72_HTML REPLACER.csproj", "{32812430-FBE7-4123-8E81-7C6D3DCFE1B7}"
EndProject
Project("{FAE04EC0-301F-11D3-BF4B-00C04F79EFBC}") = "73_EMAIL FINDER", "73_EMAIL FINDER\73_EMAIL FINDER.csproj", "{D41075BE-6DE5-40AC-9D5D-D1831B5BD05A}"
EndProject
Global
	GlobalSection(SolutionConfigurationPlatforms) = preSolution
		Debug|Any CPU = Debug|Any CPU
		Release|Any CPU = Release|Any CPU
	EndGlobalSection
	GlobalSection(ProjectConfigurationPlatforms) = postSolution
		{5D9F2630-2A23-4B0C-8A38-6C58F7BC15C3}.Debug|Any CPU.ActiveCfg = Debug|Any CPU
		{5D9F2630-2A23-4B0C-8A38-6C58F7BC15C3}.Debug|Any CPU.Build.0 = Debug|Any CPU
		{5D9F2630-2A23-4B0C-8A38-6C58F7BC15C3}.Release|Any CPU.ActiveCfg = Release|Any CPU
		{5D9F2630-2A23-4B0C-8A38-6C58F7BC15C3}.Release|Any CPU.Build.0 = Release|Any CPU
		{32812430-FBE7-4123-8E81-7C6D3DCFE1B7}.Debug|Any CPU.ActiveCfg = Debug|Any CPU
		{32812430-FBE7-4123-8E81-7C6D3DCFE1B7}.Debug|Any CPU.Build.0 = Debug|Any CPU
		{32812430-FBE7-4123-8E81-7C6D3DCFE1B7}.Release|Any CPU.ActiveCfg = Release|Any CPU
		{32812430-FBE7-4123-8E81-7C6D3DCFE1B7}.Release|Any CPU.Build.0 = Release|Any CPU
		{D41075BE-6DE5-40AC-9D5D-D1831B5BD05A}.Debug|Any CPU.ActiveCfg = Debug|Any CPU
		{D41075BE-6DE5-40AC-9D5D-D1831B5BD05A}.Debug|Any CPU.Build.0 = Debug|Any CPU
		{D41075BE-6DE5-40AC-9D5D-D1831B5BD05A}.Release|Any CPU.ActiveCfg = Release|Any CPU
		{D41075BE-6DE5-40AC-9D5D-D1831B5BD05A}.Release|Any CPU.Build.0 = Release|Any CPU
	EndGlobalSection
	GlobalSection(SolutionProperties) = preSolution
		HideSolutionNode = FALSE
	EndGlobalSection
	GlobalSection(ExtensibilityGlobals) = postSolution
		SolutionGuid = {763EB233-9AA7-4CAA-9232-810104C8072F}
	EndGlobalSection
EndGlobal
