
Microsoft Visual Studio Solution File, Format Version 12.00
# Visual Studio Version 16
VisualStudioVersion = 16.0.29209.62
MinimumVisualStudioVersion = 10.0.40219.1
Project("{FAE04EC0-301F-11D3-BF4B-00C04F79EFBC}") = "71_DATE EXISTANCE", "71_DATE EXISTANCE\71_DATE EXISTANCE.csproj", "{5D9F2630-2A23-4B0C-8A38-6C58F7BC15C3}"
EndProject
Global
	GlobalSection(SolutionConfigurationPlatforms) = preSolution
		Debug|Any CPU = Debug|Any CPU
		Release|Any CPU = Release|Any CPU
	EndGlobalSection
	GlobalSection(ProjectConfigurationPlatforms) = postSolution
		{5D9F2630-2A23-4B0C-8A38-6C58F7BC15C3}.Debug|Any CPU.ActiveCfg = Debug|Any CPU
		{5D9F2630-2A23-4B0C-8A38-6C58F7BC15C3}.Debug|Any CPU.Build.0 = Debug|Any CPU
		{5D9F2630-2A23-4B0C-8A38-6C58F7BC15C3}.Release|Any CPU.ActiveCfg = Release|Any CPU
		{5D9F2630-2A23-4B0C-8A38-6C58F7BC15C3}.Release|Any CPU.Build.0 = Release|Any CPU
	EndGlobalSection
	GlobalSection(SolutionProperties) = preSolution
		HideSolutionNode = FALSE
	EndGlobalSection
	GlobalSection(ExtensibilityGlobals) = postSolution
		SolutionGuid = {763EB233-9AA7-4CAA-9232-810104C8072F}
	EndGlobalSection
EndGlobal
