
Microsoft Visual Studio Solution File, Format Version 12.00
# Visual Studio Version 16
VisualStudioVersion = 16.0.29020.237
MinimumVisualStudioVersion = 10.0.40219.1
Project("{FAE04EC0-301F-11D3-BF4B-00C04F79EFBC}") = "Task12Triangle", "Task12Triangle\Task12Triangle.csproj", "{05BC0327-33AE-4838-A849-768F70D8F694}"
EndProject
Global
	GlobalSection(SolutionConfigurationPlatforms) = preSolution
		Debug|Any CPU = Debug|Any CPU
		Release|Any CPU = Release|Any CPU
	EndGlobalSection
	GlobalSection(ProjectConfigurationPlatforms) = postSolution
		{05BC0327-33AE-4838-A849-768F70D8F694}.Debug|Any CPU.ActiveCfg = Debug|Any CPU
		{05BC0327-33AE-4838-A849-768F70D8F694}.Debug|Any CPU.Build.0 = Debug|Any CPU
		{05BC0327-33AE-4838-A849-768F70D8F694}.Release|Any CPU.ActiveCfg = Release|Any CPU
		{05BC0327-33AE-4838-A849-768F70D8F694}.Release|Any CPU.Build.0 = Release|Any CPU
	EndGlobalSection
	GlobalSection(SolutionProperties) = preSolution
		HideSolutionNode = FALSE
	EndGlobalSection
	GlobalSection(ExtensibilityGlobals) = postSolution
		SolutionGuid = {736D69BC-E227-4F62-AF94-3CEDA48300ED}
	EndGlobalSection
EndGlobal
