
Microsoft Visual Studio Solution File, Format Version 12.00
# Visual Studio Version 16
VisualStudioVersion = 16.0.29020.237
MinimumVisualStudioVersion = 10.0.40219.1
Project("{FAE04EC0-301F-11D3-BF4B-00C04F79EFBC}") = "1.12_CharDoubler", "1.12_CharDoubler\1.12_CharDoubler.csproj", "{A5098467-7649-4891-8E6D-69FB8FBF38C5}"
EndProject
Global
	GlobalSection(SolutionConfigurationPlatforms) = preSolution
		Debug|Any CPU = Debug|Any CPU
		Release|Any CPU = Release|Any CPU
	EndGlobalSection
	GlobalSection(ProjectConfigurationPlatforms) = postSolution
		{A5098467-7649-4891-8E6D-69FB8FBF38C5}.Debug|Any CPU.ActiveCfg = Debug|Any CPU
		{A5098467-7649-4891-8E6D-69FB8FBF38C5}.Debug|Any CPU.Build.0 = Debug|Any CPU
		{A5098467-7649-4891-8E6D-69FB8FBF38C5}.Release|Any CPU.ActiveCfg = Release|Any CPU
		{A5098467-7649-4891-8E6D-69FB8FBF38C5}.Release|Any CPU.Build.0 = Release|Any CPU
	EndGlobalSection
	GlobalSection(SolutionProperties) = preSolution
		HideSolutionNode = FALSE
	EndGlobalSection
	GlobalSection(ExtensibilityGlobals) = postSolution
		SolutionGuid = {40ED107C-8764-4D16-9942-87FAF1552AE4}
	EndGlobalSection
EndGlobal
