
Microsoft Visual Studio Solution File, Format Version 12.00
# Visual Studio Version 16
VisualStudioVersion = 16.0.29020.237
MinimumVisualStudioVersion = 10.0.40219.1
Project("{FAE04EC0-301F-11D3-BF4B-00C04F79EFBC}") = "18NoPositive", "18NoPositive\18NoPositive.csproj", "{3F381C69-5305-4F56-B46C-05EE0AC5BE0F}"
EndProject
Global
	GlobalSection(SolutionConfigurationPlatforms) = preSolution
		Debug|Any CPU = Debug|Any CPU
		Release|Any CPU = Release|Any CPU
	EndGlobalSection
	GlobalSection(ProjectConfigurationPlatforms) = postSolution
		{3F381C69-5305-4F56-B46C-05EE0AC5BE0F}.Debug|Any CPU.ActiveCfg = Debug|Any CPU
		{3F381C69-5305-4F56-B46C-05EE0AC5BE0F}.Debug|Any CPU.Build.0 = Debug|Any CPU
		{3F381C69-5305-4F56-B46C-05EE0AC5BE0F}.Release|Any CPU.ActiveCfg = Release|Any CPU
		{3F381C69-5305-4F56-B46C-05EE0AC5BE0F}.Release|Any CPU.Build.0 = Release|Any CPU
	EndGlobalSection
	GlobalSection(SolutionProperties) = preSolution
		HideSolutionNode = FALSE
	EndGlobalSection
	GlobalSection(ExtensibilityGlobals) = postSolution
		SolutionGuid = {9F3F1FE7-AC34-44E7-915F-848DD982D3FB}
	EndGlobalSection
EndGlobal
