
Microsoft Visual Studio Solution File, Format Version 12.00
# Visual Studio Version 16
VisualStudioVersion = 16.0.29020.237
MinimumVisualStudioVersion = 10.0.40219.1
Project("{FAE04EC0-301F-11D3-BF4B-00C04F79EFBC}") = "2.1.ROUND", "2.1.ROUND\2.1.ROUND.csproj", "{1181B323-7708-4817-B37A-A658F6B3ECFB}"
EndProject
Project("{FAE04EC0-301F-11D3-BF4B-00C04F79EFBC}") = "2.2.TRIANGLE", "2.2.TRIANGLE\2.2.TRIANGLE.csproj", "{7D7A1465-AF70-4675-9E02-B5128C41EE93}"
EndProject
Project("{FAE04EC0-301F-11D3-BF4B-00C04F79EFBC}") = "2.3.USER", "2.3.USER\2.3.USER.csproj", "{630E24AC-E632-45AF-BA69-0B9908A1478B}"
EndProject
Global
	GlobalSection(SolutionConfigurationPlatforms) = preSolution
		Debug|Any CPU = Debug|Any CPU
		Release|Any CPU = Release|Any CPU
	EndGlobalSection
	GlobalSection(ProjectConfigurationPlatforms) = postSolution
		{1181B323-7708-4817-B37A-A658F6B3ECFB}.Debug|Any CPU.ActiveCfg = Debug|Any CPU
		{1181B323-7708-4817-B37A-A658F6B3ECFB}.Debug|Any CPU.Build.0 = Debug|Any CPU
		{1181B323-7708-4817-B37A-A658F6B3ECFB}.Release|Any CPU.ActiveCfg = Release|Any CPU
		{1181B323-7708-4817-B37A-A658F6B3ECFB}.Release|Any CPU.Build.0 = Release|Any CPU
		{7D7A1465-AF70-4675-9E02-B5128C41EE93}.Debug|Any CPU.ActiveCfg = Debug|Any CPU
		{7D7A1465-AF70-4675-9E02-B5128C41EE93}.Debug|Any CPU.Build.0 = Debug|Any CPU
		{7D7A1465-AF70-4675-9E02-B5128C41EE93}.Release|Any CPU.ActiveCfg = Release|Any CPU
		{7D7A1465-AF70-4675-9E02-B5128C41EE93}.Release|Any CPU.Build.0 = Release|Any CPU
		{630E24AC-E632-45AF-BA69-0B9908A1478B}.Debug|Any CPU.ActiveCfg = Debug|Any CPU
		{630E24AC-E632-45AF-BA69-0B9908A1478B}.Debug|Any CPU.Build.0 = Debug|Any CPU
		{630E24AC-E632-45AF-BA69-0B9908A1478B}.Release|Any CPU.ActiveCfg = Release|Any CPU
		{630E24AC-E632-45AF-BA69-0B9908A1478B}.Release|Any CPU.Build.0 = Release|Any CPU
	EndGlobalSection
	GlobalSection(SolutionProperties) = preSolution
		HideSolutionNode = FALSE
	EndGlobalSection
	GlobalSection(ExtensibilityGlobals) = postSolution
		SolutionGuid = {0448DFAA-FF25-4AD0-95F5-615F47209358}
	EndGlobalSection
EndGlobal
