
Microsoft Visual Studio Solution File, Format Version 12.00
# Visual Studio Version 16
VisualStudioVersion = 16.0.29001.49
MinimumVisualStudioVersion = 10.0.40219.1
Project("{FAE04EC0-301F-11D3-BF4B-00C04F79EFBC}") = "1.10_2DArray", "1.10_2DArray\1.10_2DArray.csproj", "{A762999F-C994-4D49-96D6-C7F2CB8FC1C1}"
EndProject
Global
	GlobalSection(SolutionConfigurationPlatforms) = preSolution
		Debug|Any CPU = Debug|Any CPU
		Release|Any CPU = Release|Any CPU
	EndGlobalSection
	GlobalSection(ProjectConfigurationPlatforms) = postSolution
		{A762999F-C994-4D49-96D6-C7F2CB8FC1C1}.Debug|Any CPU.ActiveCfg = Debug|Any CPU
		{A762999F-C994-4D49-96D6-C7F2CB8FC1C1}.Debug|Any CPU.Build.0 = Debug|Any CPU
		{A762999F-C994-4D49-96D6-C7F2CB8FC1C1}.Release|Any CPU.ActiveCfg = Release|Any CPU
		{A762999F-C994-4D49-96D6-C7F2CB8FC1C1}.Release|Any CPU.Build.0 = Release|Any CPU
	EndGlobalSection
	GlobalSection(SolutionProperties) = preSolution
		HideSolutionNode = FALSE
	EndGlobalSection
	GlobalSection(ExtensibilityGlobals) = postSolution
		SolutionGuid = {42C2755E-C90A-4B32-8ADA-A3F7CC40BFFA}
	EndGlobalSection
EndGlobal
