
Microsoft Visual Studio Solution File, Format Version 12.00
# Visual Studio Version 16
VisualStudioVersion = 16.0.29020.237
MinimumVisualStudioVersion = 10.0.40219.1
Project("{FAE04EC0-301F-11D3-BF4B-00C04F79EFBC}") = "1.1.SEQUENCE", "1.1.SEQUENCE\1.1.SEQUENCE.csproj", "{CC7DD227-9424-42D1-9BC7-6D131A024CB4}"
EndProject
Project("{FAE04EC0-301F-11D3-BF4B-00C04F79EFBC}") = "1.2.SIMPLE", "1.2.SIMPLE\1.2.SIMPLE.csproj", "{EE77790F-2FE9-4182-AE1D-6C548EEFDBEE}"
EndProject
Project("{FAE04EC0-301F-11D3-BF4B-00C04F79EFBC}") = "1.3.SQUARE", "1.3.SQUARE\1.3.SQUARE.csproj", "{39032B3E-840F-440D-BF22-E49B0CCDE6C3}"
EndProject
Global
	GlobalSection(SolutionConfigurationPlatforms) = preSolution
		Debug|Any CPU = Debug|Any CPU
		Release|Any CPU = Release|Any CPU
	EndGlobalSection
	GlobalSection(ProjectConfigurationPlatforms) = postSolution
		{CC7DD227-9424-42D1-9BC7-6D131A024CB4}.Debug|Any CPU.ActiveCfg = Debug|Any CPU
		{CC7DD227-9424-42D1-9BC7-6D131A024CB4}.Debug|Any CPU.Build.0 = Debug|Any CPU
		{CC7DD227-9424-42D1-9BC7-6D131A024CB4}.Release|Any CPU.ActiveCfg = Release|Any CPU
		{CC7DD227-9424-42D1-9BC7-6D131A024CB4}.Release|Any CPU.Build.0 = Release|Any CPU
		{EE77790F-2FE9-4182-AE1D-6C548EEFDBEE}.Debug|Any CPU.ActiveCfg = Debug|Any CPU
		{EE77790F-2FE9-4182-AE1D-6C548EEFDBEE}.Debug|Any CPU.Build.0 = Debug|Any CPU
		{EE77790F-2FE9-4182-AE1D-6C548EEFDBEE}.Release|Any CPU.ActiveCfg = Release|Any CPU
		{EE77790F-2FE9-4182-AE1D-6C548EEFDBEE}.Release|Any CPU.Build.0 = Release|Any CPU
		{39032B3E-840F-440D-BF22-E49B0CCDE6C3}.Debug|Any CPU.ActiveCfg = Debug|Any CPU
		{39032B3E-840F-440D-BF22-E49B0CCDE6C3}.Debug|Any CPU.Build.0 = Debug|Any CPU
		{39032B3E-840F-440D-BF22-E49B0CCDE6C3}.Release|Any CPU.ActiveCfg = Release|Any CPU
		{39032B3E-840F-440D-BF22-E49B0CCDE6C3}.Release|Any CPU.Build.0 = Release|Any CPU
	EndGlobalSection
	GlobalSection(SolutionProperties) = preSolution
		HideSolutionNode = FALSE
	EndGlobalSection
	GlobalSection(ExtensibilityGlobals) = postSolution
		SolutionGuid = {B885D90F-A23F-4737-91EB-1BBB776E2910}
	EndGlobalSection
EndGlobal
