
Microsoft Visual Studio Solution File, Format Version 12.00
# Visual Studio Version 16
VisualStudioVersion = 16.0.29306.81
MinimumVisualStudioVersion = 10.0.40219.1
Project("{2150E333-8FDC-42A3-9474-1A3956D46DE8}") = "PL", "PL", "{6F75CBA6-FAE0-4734-A30A-A0D66FC1733C}"
EndProject
Project("{2150E333-8FDC-42A3-9474-1A3956D46DE8}") = "BLL", "BLL", "{8C7075C1-9986-4EB1-BD26-1CE7E0FE82A9}"
EndProject
Project("{2150E333-8FDC-42A3-9474-1A3956D46DE8}") = "DAL", "DAL", "{CF6D80A6-5F13-453E-B553-B037197A1C41}"
EndProject
Project("{2150E333-8FDC-42A3-9474-1A3956D46DE8}") = "Common", "Common", "{8362D503-BF7B-4576-9D72-C9C9F9510886}"
EndProject
Project("{FAE04EC0-301F-11D3-BF4B-00C04F79EFBC}") = "BLL", "BLL\BLL.csproj", "{8E5296AC-9BAE-4AAB-94D0-1EA55D870CBC}"
EndProject
Project("{FAE04EC0-301F-11D3-BF4B-00C04F79EFBC}") = "InterfacesBLL", "InterfacesBLL\InterfacesBLL.csproj", "{C9D7538A-22BE-412E-8237-DB6EE90D943A}"
EndProject
Project("{FAE04EC0-301F-11D3-BF4B-00C04F79EFBC}") = "Resolver", "DependencyResolver\Resolver.csproj", "{FBF55EED-5165-4CFF-B084-D19617A77CCB}"
EndProject
Project("{FAE04EC0-301F-11D3-BF4B-00C04F79EFBC}") = "Entities", "Entities\Entities.csproj", "{76D90963-FD32-48EF-8297-421AE366156C}"
EndProject
Project("{FAE04EC0-301F-11D3-BF4B-00C04F79EFBC}") = "DAL", "DAL\DAL.csproj", "{B710CA34-DEBA-463F-BBF0-95564518D777}"
EndProject
Project("{FAE04EC0-301F-11D3-BF4B-00C04F79EFBC}") = "InterfacesDAL", "InterfacesDAL\InterfacesDAL.csproj", "{9D0B51BF-B2FF-4D58-957D-24A49FE906E9}"
EndProject
Project("{FAE04EC0-301F-11D3-BF4B-00C04F79EFBC}") = "WebPL", "WebPL\WebPL.csproj", "{C8E3FC8B-1D1E-4ABF-9181-D5D762030666}"
EndProject
Global
	GlobalSection(SolutionConfigurationPlatforms) = preSolution
		Debug|Any CPU = Debug|Any CPU
		Release|Any CPU = Release|Any CPU
	EndGlobalSection
	GlobalSection(ProjectConfigurationPlatforms) = postSolution
		{8E5296AC-9BAE-4AAB-94D0-1EA55D870CBC}.Debug|Any CPU.ActiveCfg = Debug|Any CPU
		{8E5296AC-9BAE-4AAB-94D0-1EA55D870CBC}.Debug|Any CPU.Build.0 = Debug|Any CPU
		{8E5296AC-9BAE-4AAB-94D0-1EA55D870CBC}.Release|Any CPU.ActiveCfg = Release|Any CPU
		{8E5296AC-9BAE-4AAB-94D0-1EA55D870CBC}.Release|Any CPU.Build.0 = Release|Any CPU
		{C9D7538A-22BE-412E-8237-DB6EE90D943A}.Debug|Any CPU.ActiveCfg = Debug|Any CPU
		{C9D7538A-22BE-412E-8237-DB6EE90D943A}.Debug|Any CPU.Build.0 = Debug|Any CPU
		{C9D7538A-22BE-412E-8237-DB6EE90D943A}.Release|Any CPU.ActiveCfg = Release|Any CPU
		{C9D7538A-22BE-412E-8237-DB6EE90D943A}.Release|Any CPU.Build.0 = Release|Any CPU
		{FBF55EED-5165-4CFF-B084-D19617A77CCB}.Debug|Any CPU.ActiveCfg = Debug|Any CPU
		{FBF55EED-5165-4CFF-B084-D19617A77CCB}.Debug|Any CPU.Build.0 = Debug|Any CPU
		{FBF55EED-5165-4CFF-B084-D19617A77CCB}.Release|Any CPU.ActiveCfg = Release|Any CPU
		{FBF55EED-5165-4CFF-B084-D19617A77CCB}.Release|Any CPU.Build.0 = Release|Any CPU
		{76D90963-FD32-48EF-8297-421AE366156C}.Debug|Any CPU.ActiveCfg = Debug|Any CPU
		{76D90963-FD32-48EF-8297-421AE366156C}.Debug|Any CPU.Build.0 = Debug|Any CPU
		{76D90963-FD32-48EF-8297-421AE366156C}.Release|Any CPU.ActiveCfg = Release|Any CPU
		{76D90963-FD32-48EF-8297-421AE366156C}.Release|Any CPU.Build.0 = Release|Any CPU
		{B710CA34-DEBA-463F-BBF0-95564518D777}.Debug|Any CPU.ActiveCfg = Debug|Any CPU
		{B710CA34-DEBA-463F-BBF0-95564518D777}.Debug|Any CPU.Build.0 = Debug|Any CPU
		{B710CA34-DEBA-463F-BBF0-95564518D777}.Release|Any CPU.ActiveCfg = Release|Any CPU
		{B710CA34-DEBA-463F-BBF0-95564518D777}.Release|Any CPU.Build.0 = Release|Any CPU
		{9D0B51BF-B2FF-4D58-957D-24A49FE906E9}.Debug|Any CPU.ActiveCfg = Debug|Any CPU
		{9D0B51BF-B2FF-4D58-957D-24A49FE906E9}.Debug|Any CPU.Build.0 = Debug|Any CPU
		{9D0B51BF-B2FF-4D58-957D-24A49FE906E9}.Release|Any CPU.ActiveCfg = Release|Any CPU
		{9D0B51BF-B2FF-4D58-957D-24A49FE906E9}.Release|Any CPU.Build.0 = Release|Any CPU
		{C8E3FC8B-1D1E-4ABF-9181-D5D762030666}.Debug|Any CPU.ActiveCfg = Debug|Any CPU
		{C8E3FC8B-1D1E-4ABF-9181-D5D762030666}.Debug|Any CPU.Build.0 = Debug|Any CPU
		{C8E3FC8B-1D1E-4ABF-9181-D5D762030666}.Release|Any CPU.ActiveCfg = Release|Any CPU
		{C8E3FC8B-1D1E-4ABF-9181-D5D762030666}.Release|Any CPU.Build.0 = Release|Any CPU
	EndGlobalSection
	GlobalSection(SolutionProperties) = preSolution
		HideSolutionNode = FALSE
	EndGlobalSection
	GlobalSection(NestedProjects) = preSolution
		{8E5296AC-9BAE-4AAB-94D0-1EA55D870CBC} = {8C7075C1-9986-4EB1-BD26-1CE7E0FE82A9}
		{C9D7538A-22BE-412E-8237-DB6EE90D943A} = {8C7075C1-9986-4EB1-BD26-1CE7E0FE82A9}
		{FBF55EED-5165-4CFF-B084-D19617A77CCB} = {8362D503-BF7B-4576-9D72-C9C9F9510886}
		{76D90963-FD32-48EF-8297-421AE366156C} = {8362D503-BF7B-4576-9D72-C9C9F9510886}
		{B710CA34-DEBA-463F-BBF0-95564518D777} = {CF6D80A6-5F13-453E-B553-B037197A1C41}
		{9D0B51BF-B2FF-4D58-957D-24A49FE906E9} = {CF6D80A6-5F13-453E-B553-B037197A1C41}
		{C8E3FC8B-1D1E-4ABF-9181-D5D762030666} = {6F75CBA6-FAE0-4734-A30A-A0D66FC1733C}
	EndGlobalSection
	GlobalSection(ExtensibilityGlobals) = postSolution
		SolutionGuid = {5301B263-B853-45B5-A251-EB601BE49767}
	EndGlobalSection
EndGlobal
