
Microsoft Visual Studio Solution File, Format Version 12.00
# Visual Studio Version 16
VisualStudioVersion = 16.0.29020.237
MinimumVisualStudioVersion = 10.0.40219.1
Project("{FAE04EC0-301F-11D3-BF4B-00C04F79EFBC}") = "41_CUSTOM SORT", "41_CUSTOM SORT\41_CUSTOM SORT.csproj", "{714A479F-63E0-40FE-8CCC-08D2CFF35DBE}"
EndProject
Project("{FAE04EC0-301F-11D3-BF4B-00C04F79EFBC}") = "42_CUSTOM SORT DEMO", "42_CUSTOM SORT DEMO\42_CUSTOM SORT DEMO.csproj", "{D9D63303-6B35-4938-9F0E-31204DBDD3E6}"
EndProject
Project("{FAE04EC0-301F-11D3-BF4B-00C04F79EFBC}") = "43_SORTING UNIT", "43_SORTING UNIT\43_SORTING UNIT.csproj", "{0BBCEB31-7825-4E95-865F-80D71BEC7A89}"
EndProject
Project("{FAE04EC0-301F-11D3-BF4B-00C04F79EFBC}") = "44_NUMBER ARRAY SUM", "44_NUMBER ARRAY SUM\44_NUMBER ARRAY SUM.csproj", "{FD5F6F01-8D7E-44B8-8523-65FE7FFA1ACB}"
EndProject
Global
	GlobalSection(SolutionConfigurationPlatforms) = preSolution
		Debug|Any CPU = Debug|Any CPU
		Release|Any CPU = Release|Any CPU
	EndGlobalSection
	GlobalSection(ProjectConfigurationPlatforms) = postSolution
		{714A479F-63E0-40FE-8CCC-08D2CFF35DBE}.Debug|Any CPU.ActiveCfg = Debug|Any CPU
		{714A479F-63E0-40FE-8CCC-08D2CFF35DBE}.Debug|Any CPU.Build.0 = Debug|Any CPU
		{714A479F-63E0-40FE-8CCC-08D2CFF35DBE}.Release|Any CPU.ActiveCfg = Release|Any CPU
		{714A479F-63E0-40FE-8CCC-08D2CFF35DBE}.Release|Any CPU.Build.0 = Release|Any CPU
		{D9D63303-6B35-4938-9F0E-31204DBDD3E6}.Debug|Any CPU.ActiveCfg = Debug|Any CPU
		{D9D63303-6B35-4938-9F0E-31204DBDD3E6}.Debug|Any CPU.Build.0 = Debug|Any CPU
		{D9D63303-6B35-4938-9F0E-31204DBDD3E6}.Release|Any CPU.ActiveCfg = Release|Any CPU
		{D9D63303-6B35-4938-9F0E-31204DBDD3E6}.Release|Any CPU.Build.0 = Release|Any CPU
		{0BBCEB31-7825-4E95-865F-80D71BEC7A89}.Debug|Any CPU.ActiveCfg = Debug|Any CPU
		{0BBCEB31-7825-4E95-865F-80D71BEC7A89}.Debug|Any CPU.Build.0 = Debug|Any CPU
		{0BBCEB31-7825-4E95-865F-80D71BEC7A89}.Release|Any CPU.ActiveCfg = Release|Any CPU
		{0BBCEB31-7825-4E95-865F-80D71BEC7A89}.Release|Any CPU.Build.0 = Release|Any CPU
		{FD5F6F01-8D7E-44B8-8523-65FE7FFA1ACB}.Debug|Any CPU.ActiveCfg = Debug|Any CPU
		{FD5F6F01-8D7E-44B8-8523-65FE7FFA1ACB}.Debug|Any CPU.Build.0 = Debug|Any CPU
		{FD5F6F01-8D7E-44B8-8523-65FE7FFA1ACB}.Release|Any CPU.ActiveCfg = Release|Any CPU
		{FD5F6F01-8D7E-44B8-8523-65FE7FFA1ACB}.Release|Any CPU.Build.0 = Release|Any CPU
	EndGlobalSection
	GlobalSection(SolutionProperties) = preSolution
		HideSolutionNode = FALSE
	EndGlobalSection
	GlobalSection(ExtensibilityGlobals) = postSolution
		SolutionGuid = {7BCA330E-71B5-4BF7-AD02-04CAD159B369}
	EndGlobalSection
EndGlobal
