
Microsoft Visual Studio Solution File, Format Version 12.00
# Visual Studio Version 16
VisualStudioVersion = 16.0.29102.190
MinimumVisualStudioVersion = 10.0.40219.1
Project("{FAE04EC0-301F-11D3-BF4B-00C04F79EFBC}") = "PL", "PL\PL.csproj", "{F6CECC3E-E80D-4511-AC3B-4431BF0FDB96}"
EndProject
Project("{FAE04EC0-301F-11D3-BF4B-00C04F79EFBC}") = "BLL", "BLL\BLL.csproj", "{8E4170D9-F565-4C1A-B575-5A206BC59858}"
EndProject
Project("{FAE04EC0-301F-11D3-BF4B-00C04F79EFBC}") = "DAL", "DAL\DAL.csproj", "{90166AA8-E7AD-40EA-B688-A8E12E08828C}"
EndProject
Project("{2150E333-8FDC-42A3-9474-1A3956D46DE8}") = "BLL", "BLL", "{28B50DAC-996E-4DC4-A043-59152665ACFE}"
EndProject
Project("{2150E333-8FDC-42A3-9474-1A3956D46DE8}") = "DAL", "DAL", "{C1DAFF56-5C75-4AFC-B915-08E0226FF6AB}"
EndProject
Project("{2150E333-8FDC-42A3-9474-1A3956D46DE8}") = "PL", "PL", "{E39EFA27-03B0-4B88-8363-C7B2ABDA853B}"
EndProject
Global
	GlobalSection(SolutionConfigurationPlatforms) = preSolution
		Debug|Any CPU = Debug|Any CPU
		Release|Any CPU = Release|Any CPU
	EndGlobalSection
	GlobalSection(ProjectConfigurationPlatforms) = postSolution
		{F6CECC3E-E80D-4511-AC3B-4431BF0FDB96}.Debug|Any CPU.ActiveCfg = Debug|Any CPU
		{F6CECC3E-E80D-4511-AC3B-4431BF0FDB96}.Debug|Any CPU.Build.0 = Debug|Any CPU
		{F6CECC3E-E80D-4511-AC3B-4431BF0FDB96}.Release|Any CPU.ActiveCfg = Release|Any CPU
		{F6CECC3E-E80D-4511-AC3B-4431BF0FDB96}.Release|Any CPU.Build.0 = Release|Any CPU
		{8E4170D9-F565-4C1A-B575-5A206BC59858}.Debug|Any CPU.ActiveCfg = Debug|Any CPU
		{8E4170D9-F565-4C1A-B575-5A206BC59858}.Debug|Any CPU.Build.0 = Debug|Any CPU
		{8E4170D9-F565-4C1A-B575-5A206BC59858}.Release|Any CPU.ActiveCfg = Release|Any CPU
		{8E4170D9-F565-4C1A-B575-5A206BC59858}.Release|Any CPU.Build.0 = Release|Any CPU
		{90166AA8-E7AD-40EA-B688-A8E12E08828C}.Debug|Any CPU.ActiveCfg = Debug|Any CPU
		{90166AA8-E7AD-40EA-B688-A8E12E08828C}.Debug|Any CPU.Build.0 = Debug|Any CPU
		{90166AA8-E7AD-40EA-B688-A8E12E08828C}.Release|Any CPU.ActiveCfg = Release|Any CPU
		{90166AA8-E7AD-40EA-B688-A8E12E08828C}.Release|Any CPU.Build.0 = Release|Any CPU
	EndGlobalSection
	GlobalSection(SolutionProperties) = preSolution
		HideSolutionNode = FALSE
	EndGlobalSection
	GlobalSection(NestedProjects) = preSolution
		{F6CECC3E-E80D-4511-AC3B-4431BF0FDB96} = {E39EFA27-03B0-4B88-8363-C7B2ABDA853B}
		{8E4170D9-F565-4C1A-B575-5A206BC59858} = {28B50DAC-996E-4DC4-A043-59152665ACFE}
		{90166AA8-E7AD-40EA-B688-A8E12E08828C} = {C1DAFF56-5C75-4AFC-B915-08E0226FF6AB}
	EndGlobalSection
	GlobalSection(ExtensibilityGlobals) = postSolution
		SolutionGuid = {41328363-8E69-4164-81CF-F7ECDC5A5D97}
	EndGlobalSection
EndGlobal
