
Microsoft Visual Studio Solution File, Format Version 12.00
# Visual Studio Version 16
VisualStudioVersion = 16.0.29102.190
MinimumVisualStudioVersion = 10.0.40219.1
Project("{FAE04EC0-301F-11D3-BF4B-00C04F79EFBC}") = "PL", "PL\PL.csproj", "{2C15A610-EB9C-4DDE-B8CD-F64AC7FFF06F}"
EndProject
Project("{FAE04EC0-301F-11D3-BF4B-00C04F79EFBC}") = "BLL", "BLL\BLL.csproj", "{50FB4D5E-E94B-42BE-806A-F343EFC4C225}"
EndProject
Project("{FAE04EC0-301F-11D3-BF4B-00C04F79EFBC}") = "DAL", "DAL\DAL.csproj", "{3EB13B25-DBB9-428B-B03F-9C3CC340CAB9}"
EndProject
Project("{FAE04EC0-301F-11D3-BF4B-00C04F79EFBC}") = "Common", "Common\Common.csproj", "{5275CAE9-2388-4E4E-961B-CEAC0946D040}"
EndProject
Project("{FAE04EC0-301F-11D3-BF4B-00C04F79EFBC}") = "Entities", "Entities\Entities.csproj", "{030F46AD-2DA9-4556-A51B-5EA5F76C82AB}"
EndProject
Project("{2150E333-8FDC-42A3-9474-1A3956D46DE8}") = "Common", "Common", "{E496C517-8209-4189-821A-C66A90C1B745}"
EndProject
Project("{2150E333-8FDC-42A3-9474-1A3956D46DE8}") = "BLL", "BLL", "{965268CC-B718-4C5C-816E-66CF62FAEDFD}"
EndProject
Project("{2150E333-8FDC-42A3-9474-1A3956D46DE8}") = "DAL", "DAL", "{2D130B30-49E3-461E-A555-98F7F68037A2}"
EndProject
Project("{2150E333-8FDC-42A3-9474-1A3956D46DE8}") = "PL", "PL", "{5D52DC33-CBFC-4115-8F57-CA1BF886F1AF}"
EndProject
Global
	GlobalSection(SolutionConfigurationPlatforms) = preSolution
		Debug|Any CPU = Debug|Any CPU
		Release|Any CPU = Release|Any CPU
	EndGlobalSection
	GlobalSection(ProjectConfigurationPlatforms) = postSolution
		{2C15A610-EB9C-4DDE-B8CD-F64AC7FFF06F}.Debug|Any CPU.ActiveCfg = Debug|Any CPU
		{2C15A610-EB9C-4DDE-B8CD-F64AC7FFF06F}.Debug|Any CPU.Build.0 = Debug|Any CPU
		{2C15A610-EB9C-4DDE-B8CD-F64AC7FFF06F}.Release|Any CPU.ActiveCfg = Release|Any CPU
		{2C15A610-EB9C-4DDE-B8CD-F64AC7FFF06F}.Release|Any CPU.Build.0 = Release|Any CPU
		{50FB4D5E-E94B-42BE-806A-F343EFC4C225}.Debug|Any CPU.ActiveCfg = Debug|Any CPU
		{50FB4D5E-E94B-42BE-806A-F343EFC4C225}.Debug|Any CPU.Build.0 = Debug|Any CPU
		{50FB4D5E-E94B-42BE-806A-F343EFC4C225}.Release|Any CPU.ActiveCfg = Release|Any CPU
		{50FB4D5E-E94B-42BE-806A-F343EFC4C225}.Release|Any CPU.Build.0 = Release|Any CPU
		{3EB13B25-DBB9-428B-B03F-9C3CC340CAB9}.Debug|Any CPU.ActiveCfg = Debug|Any CPU
		{3EB13B25-DBB9-428B-B03F-9C3CC340CAB9}.Debug|Any CPU.Build.0 = Debug|Any CPU
		{3EB13B25-DBB9-428B-B03F-9C3CC340CAB9}.Release|Any CPU.ActiveCfg = Release|Any CPU
		{3EB13B25-DBB9-428B-B03F-9C3CC340CAB9}.Release|Any CPU.Build.0 = Release|Any CPU
		{5275CAE9-2388-4E4E-961B-CEAC0946D040}.Debug|Any CPU.ActiveCfg = Debug|Any CPU
		{5275CAE9-2388-4E4E-961B-CEAC0946D040}.Debug|Any CPU.Build.0 = Debug|Any CPU
		{5275CAE9-2388-4E4E-961B-CEAC0946D040}.Release|Any CPU.ActiveCfg = Release|Any CPU
		{5275CAE9-2388-4E4E-961B-CEAC0946D040}.Release|Any CPU.Build.0 = Release|Any CPU
		{030F46AD-2DA9-4556-A51B-5EA5F76C82AB}.Debug|Any CPU.ActiveCfg = Debug|Any CPU
		{030F46AD-2DA9-4556-A51B-5EA5F76C82AB}.Debug|Any CPU.Build.0 = Debug|Any CPU
		{030F46AD-2DA9-4556-A51B-5EA5F76C82AB}.Release|Any CPU.ActiveCfg = Release|Any CPU
		{030F46AD-2DA9-4556-A51B-5EA5F76C82AB}.Release|Any CPU.Build.0 = Release|Any CPU
	EndGlobalSection
	GlobalSection(SolutionProperties) = preSolution
		HideSolutionNode = FALSE
	EndGlobalSection
	GlobalSection(NestedProjects) = preSolution
		{2C15A610-EB9C-4DDE-B8CD-F64AC7FFF06F} = {5D52DC33-CBFC-4115-8F57-CA1BF886F1AF}
		{50FB4D5E-E94B-42BE-806A-F343EFC4C225} = {965268CC-B718-4C5C-816E-66CF62FAEDFD}
		{3EB13B25-DBB9-428B-B03F-9C3CC340CAB9} = {2D130B30-49E3-461E-A555-98F7F68037A2}
		{5275CAE9-2388-4E4E-961B-CEAC0946D040} = {E496C517-8209-4189-821A-C66A90C1B745}
		{030F46AD-2DA9-4556-A51B-5EA5F76C82AB} = {E496C517-8209-4189-821A-C66A90C1B745}
	EndGlobalSection
	GlobalSection(ExtensibilityGlobals) = postSolution
		SolutionGuid = {B2FD8566-851F-41D9-97F1-46D6CCD10F06}
	EndGlobalSection
EndGlobal
