
Microsoft Visual Studio Solution File, Format Version 12.00
# Visual Studio Version 16
VisualStudioVersion = 16.0.29020.237
MinimumVisualStudioVersion = 10.0.40219.1
Project("{FAE04EC0-301F-11D3-BF4B-00C04F79EFBC}") = "61-62_USERS AND AWARDS.PL", "61-62_USERS AND AWARDS.PL\61-62_USERS AND AWARDS.PL.csproj", "{22F4C7BB-74BA-46AE-B266-A81C2A002DE7}"
EndProject
Project("{9A19103F-16F7-4668-BE54-9A1E7A4F7556}") = "61-62_USERS AND AWARDS.BLL", "61-62_USERS AND AWARDS.BLL\61-62_USERS AND AWARDS.BLL.csproj", "{AAE1FBD7-23BE-4977-BE89-6C995EC096C8}"
EndProject
Project("{9A19103F-16F7-4668-BE54-9A1E7A4F7556}") = "61-62_USERS AND AWARDS.DAL", "61-62_USERS AND AWARDS.DAL\61-62_USERS AND AWARDS.DAL.csproj", "{E9E51393-F366-45DE-8325-889A361AB0CA}"
EndProject
Project("{FAE04EC0-301F-11D3-BF4B-00C04F79EFBC}") = "61-62_USERS AND AWARDS.Interfaces", "61-62_USERS AND AWARDS.Interfaces\61-62_USERS AND AWARDS.Interfaces.csproj", "{D1467972-3A7D-43F8-9764-D41A9677E175}"
EndProject
Global
	GlobalSection(SolutionConfigurationPlatforms) = preSolution
		Debug|Any CPU = Debug|Any CPU
		Release|Any CPU = Release|Any CPU
	EndGlobalSection
	GlobalSection(ProjectConfigurationPlatforms) = postSolution
		{22F4C7BB-74BA-46AE-B266-A81C2A002DE7}.Debug|Any CPU.ActiveCfg = Debug|Any CPU
		{22F4C7BB-74BA-46AE-B266-A81C2A002DE7}.Debug|Any CPU.Build.0 = Debug|Any CPU
		{22F4C7BB-74BA-46AE-B266-A81C2A002DE7}.Release|Any CPU.ActiveCfg = Release|Any CPU
		{22F4C7BB-74BA-46AE-B266-A81C2A002DE7}.Release|Any CPU.Build.0 = Release|Any CPU
		{AAE1FBD7-23BE-4977-BE89-6C995EC096C8}.Debug|Any CPU.ActiveCfg = Debug|Any CPU
		{AAE1FBD7-23BE-4977-BE89-6C995EC096C8}.Debug|Any CPU.Build.0 = Debug|Any CPU
		{AAE1FBD7-23BE-4977-BE89-6C995EC096C8}.Release|Any CPU.ActiveCfg = Release|Any CPU
		{AAE1FBD7-23BE-4977-BE89-6C995EC096C8}.Release|Any CPU.Build.0 = Release|Any CPU
		{E9E51393-F366-45DE-8325-889A361AB0CA}.Debug|Any CPU.ActiveCfg = Debug|Any CPU
		{E9E51393-F366-45DE-8325-889A361AB0CA}.Debug|Any CPU.Build.0 = Debug|Any CPU
		{E9E51393-F366-45DE-8325-889A361AB0CA}.Release|Any CPU.ActiveCfg = Release|Any CPU
		{E9E51393-F366-45DE-8325-889A361AB0CA}.Release|Any CPU.Build.0 = Release|Any CPU
		{D1467972-3A7D-43F8-9764-D41A9677E175}.Debug|Any CPU.ActiveCfg = Debug|Any CPU
		{D1467972-3A7D-43F8-9764-D41A9677E175}.Debug|Any CPU.Build.0 = Debug|Any CPU
		{D1467972-3A7D-43F8-9764-D41A9677E175}.Release|Any CPU.ActiveCfg = Release|Any CPU
		{D1467972-3A7D-43F8-9764-D41A9677E175}.Release|Any CPU.Build.0 = Release|Any CPU
	EndGlobalSection
	GlobalSection(SolutionProperties) = preSolution
		HideSolutionNode = FALSE
	EndGlobalSection
	GlobalSection(ExtensibilityGlobals) = postSolution
		SolutionGuid = {D9DDC257-4E4D-4D94-99EF-486D20DFA724}
	EndGlobalSection
EndGlobal
